
Microsoft Visual Studio Solution File, Format Version 12.00
# Visual Studio Version 17
VisualStudioVersion = 17.5.002.0
MinimumVisualStudioVersion = 10.0.40219.1
Project("{2150E333-8FDC-42A3-9474-1A3956D46DE8}") = "csharp-prep", "csharp-prep", "{3C4371E2-0A0D-40D6-A0EF-64739ED803FB}"
EndProject
Project("{9A19103F-16F7-4668-BE54-9A1E7A4F7556}") = "Prep1", "csharp-prep\Prep1\Prep1.csproj", "{31CA91E5-EBB4-4F9F-B977-409E59B3F9BE}"
EndProject
Project("{9A19103F-16F7-4668-BE54-9A1E7A4F7556}") = "Prep2", "csharp-prep\Prep2\Prep2.csproj", "{1E39908C-9BC0-4EFF-B06B-E1F486077B00}"
EndProject
Project("{9A19103F-16F7-4668-BE54-9A1E7A4F7556}") = "Prep3", "csharp-prep\Prep3\Prep3.csproj", "{54A75695-CF92-4D16-AE06-941FB996B55F}"
EndProject
Project("{9A19103F-16F7-4668-BE54-9A1E7A4F7556}") = "Prep4", "csharp-prep\Prep4\Prep4.csproj", "{421E3DA6-4A19-4EB5-BB6C-04F452F4A509}"
EndProject
Project("{9A19103F-16F7-4668-BE54-9A1E7A4F7556}") = "Prep5", "csharp-prep\Prep5\Prep5.csproj", "{E0EF4D2C-E36B-4194-95DC-E9FAA2B591D9}"
EndProject
Project("{2150E333-8FDC-42A3-9474-1A3956D46DE8}") = "final", "final", "{A3A059B4-1C51-4C28-B1A4-F1E2892D0472}"
EndProject
Project("{9A19103F-16F7-4668-BE54-9A1E7A4F7556}") = "FinalProject", "final\FinalProject\FinalProject.csproj", "{4EDCDFE6-4C71-4803-9E69-FAF3A269FC94}"
EndProject
Project("{9A19103F-16F7-4668-BE54-9A1E7A4F7556}") = "Foundation1", "final\Foundation1\Foundation1.csproj", "{348D69D8-FAA3-4EE9-A442-376E88875CAA}"
EndProject
Project("{9A19103F-16F7-4668-BE54-9A1E7A4F7556}") = "Foundation2", "final\Foundation2\Foundation2.csproj", "{95F93507-A341-4BFF-87EC-FC1040FE7594}"
EndProject
Project("{9A19103F-16F7-4668-BE54-9A1E7A4F7556}") = "Foundation3", "final\Foundation3\Foundation3.csproj", "{11C2B6DB-61E9-4C22-9ACA-542B1BEBD56A}"
EndProject
Project("{9A19103F-16F7-4668-BE54-9A1E7A4F7556}") = "Foundation4", "final\Foundation4\Foundation4.csproj", "{B6DC85E7-FDCC-4A5D-858F-5EF9078AFFA4}"
EndProject
Project("{2150E333-8FDC-42A3-9474-1A3956D46DE8}") = "prepare", "prepare", "{59CDBEB7-7C90-4B5C-AD18-613FDFAE571E}"
EndProject
Project("{9A19103F-16F7-4668-BE54-9A1E7A4F7556}") = "Learning02", "prepare\Learning02\Learning02.csproj", "{E00D5D92-3D47-4116-9938-C34E62EB70B3}"
EndProject
Project("{9A19103F-16F7-4668-BE54-9A1E7A4F7556}") = "Learning03", "prepare\Learning03\Learning03.csproj", "{D694D956-EBEB-4AEF-9355-B79D9453B9C6}"
EndProject
Project("{9A19103F-16F7-4668-BE54-9A1E7A4F7556}") = "Learning04", "prepare\Learning04\Learning04.csproj", "{B78CDFF5-1E0D-4E26-B909-36B5EB653620}"
EndProject
Project("{9A19103F-16F7-4668-BE54-9A1E7A4F7556}") = "Learning05", "prepare\Learning05\Learning05.csproj", "{25FBADD4-427B-421D-93DA-C7FDBCF9505F}"
EndProject
Project("{2150E333-8FDC-42A3-9474-1A3956D46DE8}") = "prove", "prove", "{B4274FDD-B059-44D1-83E2-5214CFA48612}"
EndProject
Project("{9A19103F-16F7-4668-BE54-9A1E7A4F7556}") = "Develop02", "prove\Develop02\Develop02.csproj", "{44651910-0EC3-4E7F-942F-89CAB301700C}"
EndProject
Project("{9A19103F-16F7-4668-BE54-9A1E7A4F7556}") = "Develop03", "prove\Develop03\Develop03.csproj", "{62A5EA31-0D7C-496A-8697-AA9B3266237D}"
EndProject
Project("{9A19103F-16F7-4668-BE54-9A1E7A4F7556}") = "Develop04", "prove\Develop04\Develop04.csproj", "{D0B53E00-9A17-40E4-9E9E-F785899B9FA9}"
EndProject
Project("{9A19103F-16F7-4668-BE54-9A1E7A4F7556}") = "Develop05", "prove\Develop05\Develop05.csproj", "{D780D711-88CA-4B14-BC4F-21269A2459F8}"
EndProject
Project("{2150E333-8FDC-42A3-9474-1A3956D46DE8}") = "sandbox", "sandbox", "{92BED876-9F39-4211-8EC4-D4B362CE8E1D}"
EndProject
Project("{9A19103F-16F7-4668-BE54-9A1E7A4F7556}") = "Sandbox", "sandbox\Sandbox\Sandbox.csproj", "{8E460EDF-460B-4FC7-9D15-4A0173019F43}"
EndProject
Global
	GlobalSection(SolutionConfigurationPlatforms) = preSolution
		Debug|Any CPU = Debug|Any CPU
		Release|Any CPU = Release|Any CPU
	EndGlobalSection
	GlobalSection(ProjectConfigurationPlatforms) = postSolution
		{31CA91E5-EBB4-4F9F-B977-409E59B3F9BE}.Debug|Any CPU.ActiveCfg = Debug|Any CPU
		{31CA91E5-EBB4-4F9F-B977-409E59B3F9BE}.Debug|Any CPU.Build.0 = Debug|Any CPU
		{31CA91E5-EBB4-4F9F-B977-409E59B3F9BE}.Release|Any CPU.ActiveCfg = Release|Any CPU
		{31CA91E5-EBB4-4F9F-B977-409E59B3F9BE}.Release|Any CPU.Build.0 = Release|Any CPU
		{1E39908C-9BC0-4EFF-B06B-E1F486077B00}.Debug|Any CPU.ActiveCfg = Debug|Any CPU
		{1E39908C-9BC0-4EFF-B06B-E1F486077B00}.Debug|Any CPU.Build.0 = Debug|Any CPU
		{1E39908C-9BC0-4EFF-B06B-E1F486077B00}.Release|Any CPU.ActiveCfg = Release|Any CPU
		{1E39908C-9BC0-4EFF-B06B-E1F486077B00}.Release|Any CPU.Build.0 = Release|Any CPU
		{54A75695-CF92-4D16-AE06-941FB996B55F}.Debug|Any CPU.ActiveCfg = Debug|Any CPU
		{54A75695-CF92-4D16-AE06-941FB996B55F}.Debug|Any CPU.Build.0 = Debug|Any CPU
		{54A75695-CF92-4D16-AE06-941FB996B55F}.Release|Any CPU.ActiveCfg = Release|Any CPU
		{54A75695-CF92-4D16-AE06-941FB996B55F}.Release|Any CPU.Build.0 = Release|Any CPU
		{421E3DA6-4A19-4EB5-BB6C-04F452F4A509}.Debug|Any CPU.ActiveCfg = Debug|Any CPU
		{421E3DA6-4A19-4EB5-BB6C-04F452F4A509}.Debug|Any CPU.Build.0 = Debug|Any CPU
		{421E3DA6-4A19-4EB5-BB6C-04F452F4A509}.Release|Any CPU.ActiveCfg = Release|Any CPU
		{421E3DA6-4A19-4EB5-BB6C-04F452F4A509}.Release|Any CPU.Build.0 = Release|Any CPU
		{E0EF4D2C-E36B-4194-95DC-E9FAA2B591D9}.Debug|Any CPU.ActiveCfg = Debug|Any CPU
		{E0EF4D2C-E36B-4194-95DC-E9FAA2B591D9}.Debug|Any CPU.Build.0 = Debug|Any CPU
		{E0EF4D2C-E36B-4194-95DC-E9FAA2B591D9}.Release|Any CPU.ActiveCfg = Release|Any CPU
		{E0EF4D2C-E36B-4194-95DC-E9FAA2B591D9}.Release|Any CPU.Build.0 = Release|Any CPU
		{4EDCDFE6-4C71-4803-9E69-FAF3A269FC94}.Debug|Any CPU.ActiveCfg = Debug|Any CPU
		{4EDCDFE6-4C71-4803-9E69-FAF3A269FC94}.Debug|Any CPU.Build.0 = Debug|Any CPU
		{4EDCDFE6-4C71-4803-9E69-FAF3A269FC94}.Release|Any CPU.ActiveCfg = Release|Any CPU
		{4EDCDFE6-4C71-4803-9E69-FAF3A269FC94}.Release|Any CPU.Build.0 = Release|Any CPU
		{348D69D8-FAA3-4EE9-A442-376E88875CAA}.Debug|Any CPU.ActiveCfg = Debug|Any CPU
		{348D69D8-FAA3-4EE9-A442-376E88875CAA}.Debug|Any CPU.Build.0 = Debug|Any CPU
		{348D69D8-FAA3-4EE9-A442-376E88875CAA}.Release|Any CPU.ActiveCfg = Release|Any CPU
		{348D69D8-FAA3-4EE9-A442-376E88875CAA}.Release|Any CPU.Build.0 = Release|Any CPU
		{95F93507-A341-4BFF-87EC-FC1040FE7594}.Debug|Any CPU.ActiveCfg = Debug|Any CPU
		{95F93507-A341-4BFF-87EC-FC1040FE7594}.Debug|Any CPU.Build.0 = Debug|Any CPU
		{95F93507-A341-4BFF-87EC-FC1040FE7594}.Release|Any CPU.ActiveCfg = Release|Any CPU
		{95F93507-A341-4BFF-87EC-FC1040FE7594}.Release|Any CPU.Build.0 = Release|Any CPU
		{11C2B6DB-61E9-4C22-9ACA-542B1BEBD56A}.Debug|Any CPU.ActiveCfg = Debug|Any CPU
		{11C2B6DB-61E9-4C22-9ACA-542B1BEBD56A}.Debug|Any CPU.Build.0 = Debug|Any CPU
		{11C2B6DB-61E9-4C22-9ACA-542B1BEBD56A}.Release|Any CPU.ActiveCfg = Release|Any CPU
		{11C2B6DB-61E9-4C22-9ACA-542B1BEBD56A}.Release|Any CPU.Build.0 = Release|Any CPU
		{B6DC85E7-FDCC-4A5D-858F-5EF9078AFFA4}.Debug|Any CPU.ActiveCfg = Debug|Any CPU
		{B6DC85E7-FDCC-4A5D-858F-5EF9078AFFA4}.Debug|Any CPU.Build.0 = Debug|Any CPU
		{B6DC85E7-FDCC-4A5D-858F-5EF9078AFFA4}.Release|Any CPU.ActiveCfg = Release|Any CPU
		{B6DC85E7-FDCC-4A5D-858F-5EF9078AFFA4}.Release|Any CPU.Build.0 = Release|Any CPU
		{E00D5D92-3D47-4116-9938-C34E62EB70B3}.Debug|Any CPU.ActiveCfg = Debug|Any CPU
		{E00D5D92-3D47-4116-9938-C34E62EB70B3}.Debug|Any CPU.Build.0 = Debug|Any CPU
		{E00D5D92-3D47-4116-9938-C34E62EB70B3}.Release|Any CPU.ActiveCfg = Release|Any CPU
		{E00D5D92-3D47-4116-9938-C34E62EB70B3}.Release|Any CPU.Build.0 = Release|Any CPU
		{D694D956-EBEB-4AEF-9355-B79D9453B9C6}.Debug|Any CPU.ActiveCfg = Debug|Any CPU
		{D694D956-EBEB-4AEF-9355-B79D9453B9C6}.Debug|Any CPU.Build.0 = Debug|Any CPU
		{D694D956-EBEB-4AEF-9355-B79D9453B9C6}.Release|Any CPU.ActiveCfg = Release|Any CPU
		{D694D956-EBEB-4AEF-9355-B79D9453B9C6}.Release|Any CPU.Build.0 = Release|Any CPU
		{B78CDFF5-1E0D-4E26-B909-36B5EB653620}.Debug|Any CPU.ActiveCfg = Debug|Any CPU
		{B78CDFF5-1E0D-4E26-B909-36B5EB653620}.Debug|Any CPU.Build.0 = Debug|Any CPU
		{B78CDFF5-1E0D-4E26-B909-36B5EB653620}.Release|Any CPU.ActiveCfg = Release|Any CPU
		{B78CDFF5-1E0D-4E26-B909-36B5EB653620}.Release|Any CPU.Build.0 = Release|Any CPU
		{25FBADD4-427B-421D-93DA-C7FDBCF9505F}.Debug|Any CPU.ActiveCfg = Debug|Any CPU
		{25FBADD4-427B-421D-93DA-C7FDBCF9505F}.Debug|Any CPU.Build.0 = Debug|Any CPU
		{25FBADD4-427B-421D-93DA-C7FDBCF9505F}.Release|Any CPU.ActiveCfg = Release|Any CPU
		{25FBADD4-427B-421D-93DA-C7FDBCF9505F}.Release|Any CPU.Build.0 = Release|Any CPU
		{44651910-0EC3-4E7F-942F-89CAB301700C}.Debug|Any CPU.ActiveCfg = Debug|Any CPU
		{44651910-0EC3-4E7F-942F-89CAB301700C}.Debug|Any CPU.Build.0 = Debug|Any CPU
		{44651910-0EC3-4E7F-942F-89CAB301700C}.Release|Any CPU.ActiveCfg = Release|Any CPU
		{44651910-0EC3-4E7F-942F-89CAB301700C}.Release|Any CPU.Build.0 = Release|Any CPU
		{62A5EA31-0D7C-496A-8697-AA9B3266237D}.Debug|Any CPU.ActiveCfg = Debug|Any CPU
		{62A5EA31-0D7C-496A-8697-AA9B3266237D}.Debug|Any CPU.Build.0 = Debug|Any CPU
		{62A5EA31-0D7C-496A-8697-AA9B3266237D}.Release|Any CPU.ActiveCfg = Release|Any CPU
		{62A5EA31-0D7C-496A-8697-AA9B3266237D}.Release|Any CPU.Build.0 = Release|Any CPU
		{D0B53E00-9A17-40E4-9E9E-F785899B9FA9}.Debug|Any CPU.ActiveCfg = Debug|Any CPU
		{D0B53E00-9A17-40E4-9E9E-F785899B9FA9}.Debug|Any CPU.Build.0 = Debug|Any CPU
		{D0B53E00-9A17-40E4-9E9E-F785899B9FA9}.Release|Any CPU.ActiveCfg = Release|Any CPU
		{D0B53E00-9A17-40E4-9E9E-F785899B9FA9}.Release|Any CPU.Build.0 = Release|Any CPU
		{D780D711-88CA-4B14-BC4F-21269A2459F8}.Debug|Any CPU.ActiveCfg = Debug|Any CPU
		{D780D711-88CA-4B14-BC4F-21269A2459F8}.Debug|Any CPU.Build.0 = Debug|Any CPU
		{D780D711-88CA-4B14-BC4F-21269A2459F8}.Release|Any CPU.ActiveCfg = Release|Any CPU
		{D780D711-88CA-4B14-BC4F-21269A2459F8}.Release|Any CPU.Build.0 = Release|Any CPU
		{8E460EDF-460B-4FC7-9D15-4A0173019F43}.Debug|Any CPU.ActiveCfg = Debug|Any CPU
		{8E460EDF-460B-4FC7-9D15-4A0173019F43}.Debug|Any CPU.Build.0 = Debug|Any CPU
		{8E460EDF-460B-4FC7-9D15-4A0173019F43}.Release|Any CPU.ActiveCfg = Release|Any CPU
		{8E460EDF-460B-4FC7-9D15-4A0173019F43}.Release|Any CPU.Build.0 = Release|Any CPU
	EndGlobalSection
	GlobalSection(SolutionProperties) = preSolution
		HideSolutionNode = FALSE
	EndGlobalSection
	GlobalSection(NestedProjects) = preSolution
		{31CA91E5-EBB4-4F9F-B977-409E59B3F9BE} = {3C4371E2-0A0D-40D6-A0EF-64739ED803FB}
		{1E39908C-9BC0-4EFF-B06B-E1F486077B00} = {3C4371E2-0A0D-40D6-A0EF-64739ED803FB}
		{54A75695-CF92-4D16-AE06-941FB996B55F} = {3C4371E2-0A0D-40D6-A0EF-64739ED803FB}
		{421E3DA6-4A19-4EB5-BB6C-04F452F4A509} = {3C4371E2-0A0D-40D6-A0EF-64739ED803FB}
		{E0EF4D2C-E36B-4194-95DC-E9FAA2B591D9} = {3C4371E2-0A0D-40D6-A0EF-64739ED803FB}
		{4EDCDFE6-4C71-4803-9E69-FAF3A269FC94} = {A3A059B4-1C51-4C28-B1A4-F1E2892D0472}
		{348D69D8-FAA3-4EE9-A442-376E88875CAA} = {A3A059B4-1C51-4C28-B1A4-F1E2892D0472}
		{95F93507-A341-4BFF-87EC-FC1040FE7594} = {A3A059B4-1C51-4C28-B1A4-F1E2892D0472}
		{11C2B6DB-61E9-4C22-9ACA-542B1BEBD56A} = {A3A059B4-1C51-4C28-B1A4-F1E2892D0472}
		{B6DC85E7-FDCC-4A5D-858F-5EF9078AFFA4} = {A3A059B4-1C51-4C28-B1A4-F1E2892D0472}
		{E00D5D92-3D47-4116-9938-C34E62EB70B3} = {59CDBEB7-7C90-4B5C-AD18-613FDFAE571E}
		{D694D956-EBEB-4AEF-9355-B79D9453B9C6} = {59CDBEB7-7C90-4B5C-AD18-613FDFAE571E}
		{B78CDFF5-1E0D-4E26-B909-36B5EB653620} = {59CDBEB7-7C90-4B5C-AD18-613FDFAE571E}
		{25FBADD4-427B-421D-93DA-C7FDBCF9505F} = {59CDBEB7-7C90-4B5C-AD18-613FDFAE571E}
		{44651910-0EC3-4E7F-942F-89CAB301700C} = {B4274FDD-B059-44D1-83E2-5214CFA48612}
		{62A5EA31-0D7C-496A-8697-AA9B3266237D} = {B4274FDD-B059-44D1-83E2-5214CFA48612}
		{D0B53E00-9A17-40E4-9E9E-F785899B9FA9} = {B4274FDD-B059-44D1-83E2-5214CFA48612}
		{D780D711-88CA-4B14-BC4F-21269A2459F8} = {B4274FDD-B059-44D1-83E2-5214CFA48612}
		{8E460EDF-460B-4FC7-9D15-4A0173019F43} = {92BED876-9F39-4211-8EC4-D4B362CE8E1D}
	EndGlobalSection
	GlobalSection(ExtensibilityGlobals) = postSolution
		SolutionGuid = {BC01E619-0BCF-4EDC-9EAD-8FBD28924512}
	EndGlobalSection
EndGlobal
